
Microsoft Visual Studio Solution File, Format Version 12.00
# Visual Studio Version 17
VisualStudioVersion = 17.3.32929.385
MinimumVisualStudioVersion = 10.0.40219.1
Project("{FAE04EC0-301F-11D3-BF4B-00C04F79EFBC}") = "WebFinal", "WebFinal\WebFinal.csproj", "{29F8AC78-BC57-4E55-A549-FA8CFAC7AE37}"
EndProject
Global
	GlobalSection(SolutionConfigurationPlatforms) = preSolution
		Debug|Any CPU = Debug|Any CPU
		Release|Any CPU = Release|Any CPU
	EndGlobalSection
	GlobalSection(ProjectConfigurationPlatforms) = postSolution
		{29F8AC78-BC57-4E55-A549-FA8CFAC7AE37}.Debug|Any CPU.ActiveCfg = Debug|Any CPU
		{29F8AC78-BC57-4E55-A549-FA8CFAC7AE37}.Debug|Any CPU.Build.0 = Debug|Any CPU
		{29F8AC78-BC57-4E55-A549-FA8CFAC7AE37}.Release|Any CPU.ActiveCfg = Release|Any CPU
		{29F8AC78-BC57-4E55-A549-FA8CFAC7AE37}.Release|Any CPU.Build.0 = Release|Any CPU
	EndGlobalSection
	GlobalSection(SolutionProperties) = preSolution
		HideSolutionNode = FALSE
	EndGlobalSection
	GlobalSection(ExtensibilityGlobals) = postSolution
		SolutionGuid = {3C068910-AC93-44CC-AE0F-CAEE18DA246C}
	EndGlobalSection
EndGlobal
